
Microsoft Visual Studio Solution File, Format Version 12.00
# Visual Studio 14
VisualStudioVersion = 14.0.25420.1
MinimumVisualStudioVersion = 10.0.40219.1
Project("{F184B08F-C81C-45F6-A57F-5ABD9991F28F}") = "Captcha Breaker", "CAPTCHA Breaker\Captcha Breaker.vbproj", "{B70EEAAA-7ED3-4793-BC15-127CD2A8F575}"
EndProject
Global
	GlobalSection(SolutionConfigurationPlatforms) = preSolution
		Debug|Any CPU = Debug|Any CPU
		Release|Any CPU = Release|Any CPU
	EndGlobalSection
	GlobalSection(ProjectConfigurationPlatforms) = postSolution
		{B70EEAAA-7ED3-4793-BC15-127CD2A8F575}.Debug|Any CPU.ActiveCfg = Debug|Any CPU
		{B70EEAAA-7ED3-4793-BC15-127CD2A8F575}.Debug|Any CPU.Build.0 = Debug|Any CPU
		{B70EEAAA-7ED3-4793-BC15-127CD2A8F575}.Release|Any CPU.ActiveCfg = Release|Any CPU
		{B70EEAAA-7ED3-4793-BC15-127CD2A8F575}.Release|Any CPU.Build.0 = Release|Any CPU
	EndGlobalSection
	GlobalSection(SolutionProperties) = preSolution
		HideSolutionNode = FALSE
	EndGlobalSection
	GlobalSection(ExtensibilityGlobals) = postSolution
		SolutionGuid = {802765DB-ED89-4841-AC4D-4C0FE5CE7471}
	EndGlobalSection
	GlobalSection(TeamFoundationVersionControl) = preSolution
		SccNumberOfProjects = 2
		SccEnterpriseProvider = {4CA58AB2-18FA-4F8D-95D4-32DDF27D184C}
		SccTeamFoundationServer = http://tfs.corp.firstam.com:8080/tfs/defaultcollection
		SccLocalPath0 = .
		SccProjectUniqueName1 = CAPTCHA\u0020Breaker\\Captcha\u0020Breaker.vbproj
		SccProjectName1 = CAPTCHA\u0020Breaker
		SccLocalPath1 = CAPTCHA\u0020Breaker
	EndGlobalSection
EndGlobal
